
Microsoft Visual Studio Solution File, Format Version 12.00
# Visual Studio Version 17
VisualStudioVersion = 17.0.31903.59
MinimumVisualStudioVersion = 10.0.40219.1
Project("{FAE04EC0-301F-11D3-BF4B-00C04F79EFBC}") = "Keepalive.Web", "Keepalive.Web\Keepalive.Web.csproj", "{23519C39-6DD2-4675-8819-F954D1BFA595}"
EndProject
Project("{FAE04EC0-301F-11D3-BF4B-00C04F79EFBC}") = "Keepalive.Database", "Keepalive.Database\Keepalive.Database.csproj", "{0562BB68-5D56-48E7-9664-ED461B13DE03}"
EndProject
Global
	GlobalSection(SolutionConfigurationPlatforms) = preSolution
		Debug|Any CPU = Debug|Any CPU
		Release|Any CPU = Release|Any CPU
	EndGlobalSection
	GlobalSection(SolutionProperties) = preSolution
		HideSolutionNode = FALSE
	EndGlobalSection
	GlobalSection(ProjectConfigurationPlatforms) = postSolution
		{23519C39-6DD2-4675-8819-F954D1BFA595}.Debug|Any CPU.ActiveCfg = Debug|Any CPU
		{23519C39-6DD2-4675-8819-F954D1BFA595}.Debug|Any CPU.Build.0 = Debug|Any CPU
		{23519C39-6DD2-4675-8819-F954D1BFA595}.Release|Any CPU.ActiveCfg = Release|Any CPU
		{23519C39-6DD2-4675-8819-F954D1BFA595}.Release|Any CPU.Build.0 = Release|Any CPU
		{0562BB68-5D56-48E7-9664-ED461B13DE03}.Debug|Any CPU.ActiveCfg = Debug|Any CPU
		{0562BB68-5D56-48E7-9664-ED461B13DE03}.Debug|Any CPU.Build.0 = Debug|Any CPU
		{0562BB68-5D56-48E7-9664-ED461B13DE03}.Release|Any CPU.ActiveCfg = Release|Any CPU
		{0562BB68-5D56-48E7-9664-ED461B13DE03}.Release|Any CPU.Build.0 = Release|Any CPU
	EndGlobalSection
EndGlobal
